Microsoft Visual Studio Solution File, Format Version 12.00
# Visual Studio 15
VisualStudioVersion = 15.0.26228.12
MinimumVisualStudioVersion = 10.0.40219.1
Project("{9A19103F-16F7-4668-BE54-9A1E7A4F7556}") = "Dingtalk", "src\Dingtalk\Dingtalk.csproj", "{0BC27849-85FE-4DEA-B150-682F51C1A75B}"
EndProject
Project("{9A19103F-16F7-4668-BE54-9A1E7A4F7556}") = "Entity", "src\Entity\Entity.csproj", "{1BE6A73E-C8A3-4D28-9B98-6B678BD0986E}"
EndProject
Project("{9A19103F-16F7-4668-BE54-9A1E7A4F7556}") = "Web", "src\Web\Web.csproj", "{386509AB-5670-4C11-94E0-5DF11CD8946D}"
EndProject
Project("{9A19103F-16F7-4668-BE54-9A1E7A4F7556}") = "DataImporter", "src\DataImporter\DataImporter.csproj", "{CAD77C79-C063-45E0-B80F-819CD2D6DDAE}"
EndProject
Project("{2150E333-8FDC-42A3-9474-1A3956D46DE8}") = "src", "src", "{FEF94524-5CA4-40E7-BC2B-8DFF494B661B}"
EndProject
Project("{9A19103F-16F7-4668-BE54-9A1E7A4F7556}") = "StockingComparer", "src\StockingComparer\StockingComparer.csproj", "{30372E41-5C29-48C0-A351-488B679E8746}"
EndProject
Project("{2150E333-8FDC-42A3-9474-1A3956D46DE8}") = "test", "test", "{8890F64F-E9DE-4CA9-ACD8-61079D09F77E}"
EndProject
Project("{9A19103F-16F7-4668-BE54-9A1E7A4F7556}") = "UnitTests", "test\UnitTests\UnitTests.csproj", "{8D40F6DB-A3E7-4B1F-BF33-1C53A5F85CED}"
EndProject
Project("{9A19103F-16F7-4668-BE54-9A1E7A4F7556}") = "DailyReportSender", "src\DailyReportSender\DailyReportSender.csproj", "{4C21315A-E774-49CA-8D47-99ADCE26E67D}"
EndProject
Project("{2150E333-8FDC-42A3-9474-1A3956D46DE8}") = "Tools", "Tools", "{5ACC2CDA-E962-449B-A0C8-1C699FECCD3C}"
EndProject
Project("{2150E333-8FDC-42A3-9474-1A3956D46DE8}") = "Backend", "Backend", "{ADF837BE-295B-4FC5-B470-97EA9FA8DCC6}"
EndProject
Project("{2150E333-8FDC-42A3-9474-1A3956D46DE8}") = "Common", "Common", "{44052F4A-816A-4993-ADB7-2F4356DD7F48}"
EndProject
Project("{2150E333-8FDC-42A3-9474-1A3956D46DE8}") = "mics", "mics", "{D22575C9-6E86-4A31-B484-2487AA3EF865}"
	ProjectSection(SolutionItems) = preProject
		EaseSource.ruleset = EaseSource.ruleset
		EaseSource.UnitTest.ruleset = EaseSource.UnitTest.ruleset
	EndProjectSection
EndProject
Global
	GlobalSection(SolutionConfigurationPlatforms) = preSolution
		Debug|Any CPU = Debug|Any CPU
		Debug|x64 = Debug|x64
		Debug|x86 = Debug|x86
		Release|Any CPU = Release|Any CPU
		Release|x64 = Release|x64
		Release|x86 = Release|x86
	EndGlobalSection
	GlobalSection(ProjectConfigurationPlatforms) = postSolution
		{0BC27849-85FE-4DEA-B150-682F51C1A75B}.Debug|Any CPU.ActiveCfg = Debug|Any CPU
		{0BC27849-85FE-4DEA-B150-682F51C1A75B}.Debug|Any CPU.Build.0 = Debug|Any CPU
		{0BC27849-85FE-4DEA-B150-682F51C1A75B}.Debug|x64.ActiveCfg = Debug|Any CPU
		{0BC27849-85FE-4DEA-B150-682F51C1A75B}.Debug|x64.Build.0 = Debug|Any CPU
		{0BC27849-85FE-4DEA-B150-682F51C1A75B}.Debug|x86.ActiveCfg = Debug|Any CPU
		{0BC27849-85FE-4DEA-B150-682F51C1A75B}.Debug|x86.Build.0 = Debug|Any CPU
		{0BC27849-85FE-4DEA-B150-682F51C1A75B}.Release|Any CPU.ActiveCfg = Release|Any CPU
		{0BC27849-85FE-4DEA-B150-682F51C1A75B}.Release|Any CPU.Build.0 = Release|Any CPU
		{0BC27849-85FE-4DEA-B150-682F51C1A75B}.Release|x64.ActiveCfg = Release|Any CPU
		{0BC27849-85FE-4DEA-B150-682F51C1A75B}.Release|x64.Build.0 = Release|Any CPU
		{0BC27849-85FE-4DEA-B150-682F51C1A75B}.Release|x86.ActiveCfg = Release|Any CPU
		{0BC27849-85FE-4DEA-B150-682F51C1A75B}.Release|x86.Build.0 = Release|Any CPU
		{1BE6A73E-C8A3-4D28-9B98-6B678BD0986E}.Debug|Any CPU.ActiveCfg = Debug|Any CPU
		{1BE6A73E-C8A3-4D28-9B98-6B678BD0986E}.Debug|Any CPU.Build.0 = Debug|Any CPU
		{1BE6A73E-C8A3-4D28-9B98-6B678BD0986E}.Debug|x64.ActiveCfg = Debug|Any CPU
		{1BE6A73E-C8A3-4D28-9B98-6B678BD0986E}.Debug|x64.Build.0 = Debug|Any CPU
		{1BE6A73E-C8A3-4D28-9B98-6B678BD0986E}.Debug|x86.ActiveCfg = Debug|Any CPU
		{1BE6A73E-C8A3-4D28-9B98-6B678BD0986E}.Debug|x86.Build.0 = Debug|Any CPU
		{1BE6A73E-C8A3-4D28-9B98-6B678BD0986E}.Release|Any CPU.ActiveCfg = Release|Any CPU
		{1BE6A73E-C8A3-4D28-9B98-6B678BD0986E}.Release|Any CPU.Build.0 = Release|Any CPU
		{1BE6A73E-C8A3-4D28-9B98-6B678BD0986E}.Release|x64.ActiveCfg = Release|Any CPU
		{1BE6A73E-C8A3-4D28-9B98-6B678BD0986E}.Release|x64.Build.0 = Release|Any CPU
		{1BE6A73E-C8A3-4D28-9B98-6B678BD0986E}.Release|x86.ActiveCfg = Release|Any CPU
		{1BE6A73E-C8A3-4D28-9B98-6B678BD0986E}.Release|x86.Build.0 = Release|Any CPU
		{386509AB-5670-4C11-94E0-5DF11CD8946D}.Debug|Any CPU.ActiveCfg = Debug|Any CPU
		{386509AB-5670-4C11-94E0-5DF11CD8946D}.Debug|Any CPU.Build.0 = Debug|Any CPU
		{386509AB-5670-4C11-94E0-5DF11CD8946D}.Debug|x64.ActiveCfg = Debug|Any CPU
		{386509AB-5670-4C11-94E0-5DF11CD8946D}.Debug|x64.Build.0 = Debug|Any CPU
		{386509AB-5670-4C11-94E0-5DF11CD8946D}.Debug|x86.ActiveCfg = Debug|Any CPU
		{386509AB-5670-4C11-94E0-5DF11CD8946D}.Debug|x86.Build.0 = Debug|Any CPU
		{386509AB-5670-4C11-94E0-5DF11CD8946D}.Release|Any CPU.ActiveCfg = Release|Any CPU
		{386509AB-5670-4C11-94E0-5DF11CD8946D}.Release|Any CPU.Build.0 = Release|Any CPU
		{386509AB-5670-4C11-94E0-5DF11CD8946D}.Release|x64.ActiveCfg = Release|Any CPU
		{386509AB-5670-4C11-94E0-5DF11CD8946D}.Release|x64.Build.0 = Release|Any CPU
		{386509AB-5670-4C11-94E0-5DF11CD8946D}.Release|x86.ActiveCfg = Release|Any CPU
		{386509AB-5670-4C11-94E0-5DF11CD8946D}.Release|x86.Build.0 = Release|Any CPU
		{CAD77C79-C063-45E0-B80F-819CD2D6DDAE}.Debug|Any CPU.ActiveCfg = Debug|Any CPU
		{CAD77C79-C063-45E0-B80F-819CD2D6DDAE}.Debug|Any CPU.Build.0 = Debug|Any CPU
		{CAD77C79-C063-45E0-B80F-819CD2D6DDAE}.Debug|x64.ActiveCfg = Debug|Any CPU
		{CAD77C79-C063-45E0-B80F-819CD2D6DDAE}.Debug|x64.Build.0 = Debug|Any CPU
		{CAD77C79-C063-45E0-B80F-819CD2D6DDAE}.Debug|x86.ActiveCfg = Debug|Any CPU
		{CAD77C79-C063-45E0-B80F-819CD2D6DDAE}.Debug|x86.Build.0 = Debug|Any CPU
		{CAD77C79-C063-45E0-B80F-819CD2D6DDAE}.Release|Any CPU.ActiveCfg = Release|Any CPU
		{CAD77C79-C063-45E0-B80F-819CD2D6DDAE}.Release|Any CPU.Build.0 = Release|Any CPU
		{CAD77C79-C063-45E0-B80F-819CD2D6DDAE}.Release|x64.ActiveCfg = Release|Any CPU
		{CAD77C79-C063-45E0-B80F-819CD2D6DDAE}.Release|x64.Build.0 = Release|Any CPU
		{CAD77C79-C063-45E0-B80F-819CD2D6DDAE}.Release|x86.ActiveCfg = Release|Any CPU
		{CAD77C79-C063-45E0-B80F-819CD2D6DDAE}.Release|x86.Build.0 = Release|Any CPU
		{30372E41-5C29-48C0-A351-488B679E8746}.Debug|Any CPU.ActiveCfg = Debug|Any CPU
		{30372E41-5C29-48C0-A351-488B679E8746}.Debug|Any CPU.Build.0 = Debug|Any CPU
		{30372E41-5C29-48C0-A351-488B679E8746}.Debug|x64.ActiveCfg = Debug|Any CPU
		{30372E41-5C29-48C0-A351-488B679E8746}.Debug|x64.Build.0 = Debug|Any CPU
		{30372E41-5C29-48C0-A351-488B679E8746}.Debug|x86.ActiveCfg = Debug|Any CPU
		{30372E41-5C29-48C0-A351-488B679E8746}.Debug|x86.Build.0 = Debug|Any CPU
		{30372E41-5C29-48C0-A351-488B679E8746}.Release|Any CPU.ActiveCfg = Release|Any CPU
		{30372E41-5C29-48C0-A351-488B679E8746}.Release|Any CPU.Build.0 = Release|Any CPU
		{30372E41-5C29-48C0-A351-488B679E8746}.Release|x64.ActiveCfg = Release|Any CPU
		{30372E41-5C29-48C0-A351-488B679E8746}.Release|x64.Build.0 = Release|Any CPU
		{30372E41-5C29-48C0-A351-488B679E8746}.Release|x86.ActiveCfg = Release|Any CPU
		{30372E41-5C29-48C0-A351-488B679E8746}.Release|x86.Build.0 = Release|Any CPU
		{8D40F6DB-A3E7-4B1F-BF33-1C53A5F85CED}.Debug|Any CPU.ActiveCfg = Debug|Any CPU
		{8D40F6DB-A3E7-4B1F-BF33-1C53A5F85CED}.Debug|Any CPU.Build.0 = Debug|Any CPU
		{8D40F6DB-A3E7-4B1F-BF33-1C53A5F85CED}.Debug|x64.ActiveCfg = Debug|Any CPU
		{8D40F6DB-A3E7-4B1F-BF33-1C53A5F85CED}.Debug|x64.Build.0 = Debug|Any CPU
		{8D40F6DB-A3E7-4B1F-BF33-1C53A5F85CED}.Debug|x86.ActiveCfg = Debug|Any CPU
		{8D40F6DB-A3E7-4B1F-BF33-1C53A5F85CED}.Debug|x86.Build.0 = Debug|Any CPU
		{8D40F6DB-A3E7-4B1F-BF33-1C53A5F85CED}.Release|Any CPU.ActiveCfg = Release|Any CPU
		{8D40F6DB-A3E7-4B1F-BF33-1C53A5F85CED}.Release|Any CPU.Build.0 = Release|Any CPU
		{8D40F6DB-A3E7-4B1F-BF33-1C53A5F85CED}.Release|x64.ActiveCfg = Release|Any CPU
		{8D40F6DB-A3E7-4B1F-BF33-1C53A5F85CED}.Release|x64.Build.0 = Release|Any CPU
		{8D40F6DB-A3E7-4B1F-BF33-1C53A5F85CED}.Release|x86.ActiveCfg = Release|Any CPU
		{8D40F6DB-A3E7-4B1F-BF33-1C53A5F85CED}.Release|x86.Build.0 = Release|Any CPU
		{4C21315A-E774-49CA-8D47-99ADCE26E67D}.Debug|Any CPU.ActiveCfg = Debug|Any CPU
		{4C21315A-E774-49CA-8D47-99ADCE26E67D}.Debug|Any CPU.Build.0 = Debug|Any CPU
		{4C21315A-E774-49CA-8D47-99ADCE26E67D}.Debug|x64.ActiveCfg = Debug|Any CPU
		{4C21315A-E774-49CA-8D47-99ADCE26E67D}.Debug|x64.Build.0 = Debug|Any CPU
		{4C21315A-E774-49CA-8D47-99ADCE26E67D}.Debug|x86.ActiveCfg = Debug|Any CPU
		{4C21315A-E774-49CA-8D47-99ADCE26E67D}.Debug|x86.Build.0 = Debug|Any CPU
		{4C21315A-E774-49CA-8D47-99ADCE26E67D}.Release|Any CPU.ActiveCfg = Release|Any CPU
		{4C21315A-E774-49CA-8D47-99ADCE26E67D}.Release|Any CPU.Build.0 = Release|Any CPU
		{4C21315A-E774-49CA-8D47-99ADCE26E67D}.Release|x64.ActiveCfg = Release|Any CPU
		{4C21315A-E774-49CA-8D47-99ADCE26E67D}.Release|x64.Build.0 = Release|Any CPU
		{4C21315A-E774-49CA-8D47-99ADCE26E67D}.Release|x86.ActiveCfg = Release|Any CPU
		{4C21315A-E774-49CA-8D47-99ADCE26E67D}.Release|x86.Build.0 = Release|Any CPU
	EndGlobalSection
	GlobalSection(SolutionProperties) = preSolution
		HideSolutionNode = FALSE
	EndGlobalSection
	GlobalSection(NestedProjects) = preSolution
		{0BC27849-85FE-4DEA-B150-682F51C1A75B} = {ADF837BE-295B-4FC5-B470-97EA9FA8DCC6}
		{1BE6A73E-C8A3-4D28-9B98-6B678BD0986E} = {44052F4A-816A-4993-ADB7-2F4356DD7F48}
		{386509AB-5670-4C11-94E0-5DF11CD8946D} = {ADF837BE-295B-4FC5-B470-97EA9FA8DCC6}
		{CAD77C79-C063-45E0-B80F-819CD2D6DDAE} = {5ACC2CDA-E962-449B-A0C8-1C699FECCD3C}
		{30372E41-5C29-48C0-A351-488B679E8746} = {5ACC2CDA-E962-449B-A0C8-1C699FECCD3C}
		{8D40F6DB-A3E7-4B1F-BF33-1C53A5F85CED} = {8890F64F-E9DE-4CA9-ACD8-61079D09F77E}
		{4C21315A-E774-49CA-8D47-99ADCE26E67D} = {5ACC2CDA-E962-449B-A0C8-1C699FECCD3C}
		{5ACC2CDA-E962-449B-A0C8-1C699FECCD3C} = {FEF94524-5CA4-40E7-BC2B-8DFF494B661B}
		{ADF837BE-295B-4FC5-B470-97EA9FA8DCC6} = {FEF94524-5CA4-40E7-BC2B-8DFF494B661B}
		{44052F4A-816A-4993-ADB7-2F4356DD7F48} = {FEF94524-5CA4-40E7-BC2B-8DFF494B661B}
	EndGlobalSection
	GlobalSection(ExtensibilityGlobals) = postSolution
		SolutionGuid = {BF774C99-EBA4-4EBC-8BDF-C62431252224}
	EndGlobalSection
EndGlobal
